// !$*UTF8*$!
{
	archiveVersion = 1;
	classes = {
	};
	objectVersion = 46;
	objects = {

/* Begin PBXBuildFile section */
		8300321D1D4954010046848A /* AppDelegate.swift in Sources */ = {isa = PBXBuildFile; fileRef = 8300321C1D4954010046848A /* AppDelegate.swift */; };
		8300321F1D4954010046848A /* HomeController.swift in Sources */ = {isa = PBXBuildFile; fileRef = 8300321E1D4954010046848A /* HomeController.swift */; };
		830032221D4954010046848A /* Main.storyboard in Resources */ = {isa = PBXBuildFile; fileRef = 830032201D4954010046848A /* Main.storyboard */; };
		830032241D4954010046848A /* Assets.xcassets in Resources */ = {isa = PBXBuildFile; fileRef = 830032231D4954010046848A /* Assets.xcassets */; };
		8300323D1D4954020046848A /* storeAppUITests.swift in Sources */ = {isa = PBXBuildFile; fileRef = 8300323C1D4954020046848A /* storeAppUITests.swift */; };
		8300324C1D4962C10046848A /* Configuration.swift in Sources */ = {isa = PBXBuildFile; fileRef = 8300324B1D4962C10046848A /* Configuration.swift */; };
		8300327F1D640D660046848A /* StoreLocatorController.swift in Sources */ = {isa = PBXBuildFile; fileRef = 8300327E1D640D660046848A /* StoreLocatorController.swift */; };
		830032861D76185C0046848A /* APIClient.swift in Sources */ = {isa = PBXBuildFile; fileRef = 830032851D76185C0046848A /* APIClient.swift */; };
		8300328F1D810A620046848A /* AppViewController.swift in Sources */ = {isa = PBXBuildFile; fileRef = 8300328E1D810A620046848A /* AppViewController.swift */; };
		8307CAC61DAF121D00EADCFC /* LoginController.swift in Sources */ = {isa = PBXBuildFile; fileRef = 8307CAC51DAF121D00EADCFC /* LoginController.swift */; };
		831E5A041E372034007B2FE7 /* EmploymentController.swift in Sources */ = {isa = PBXBuildFile; fileRef = 831E5A031E372034007B2FE7 /* EmploymentController.swift */; };
		831E5A071E37236B007B2FE7 /* WebsiteController.swift in Sources */ = {isa = PBXBuildFile; fileRef = 831E5A061E37236B007B2FE7 /* WebsiteController.swift */; };
		831E5A091E39614A007B2FE7 /* LocatorTableHeader.swift in Sources */ = {isa = PBXBuildFile; fileRef = 831E5A081E39614A007B2FE7 /* LocatorTableHeader.swift */; };
		831E5A0F1E424D86007B2FE7 /* SignupController.swift in Sources */ = {isa = PBXBuildFile; fileRef = 831E5A0E1E424D86007B2FE7 /* SignupController.swift */; };
		831E5A111E424E71007B2FE7 /* SignupView.swift in Sources */ = {isa = PBXBuildFile; fileRef = 831E5A101E424E71007B2FE7 /* SignupView.swift */; };
		831E5A1D1E42638C007B2FE7 /* LeftPaddedTextField.swift in Sources */ = {isa = PBXBuildFile; fileRef = 831E5A1C1E42638C007B2FE7 /* LeftPaddedTextField.swift */; };
		832DEF951E371101001F8404 /* SettingsController.swift in Sources */ = {isa = PBXBuildFile; fileRef = 832DEF941E371101001F8404 /* SettingsController.swift */; };
		83329D601DD8CFCF00A1D258 /* UserDefaults+helpers.swift in Sources */ = {isa = PBXBuildFile; fileRef = 83329D5F1DD8CFCF00A1D258 /* UserDefaults+helpers.swift */; };
		83329D621DD8EFA500A1D258 /* LoginView.swift in Sources */ = {isa = PBXBuildFile; fileRef = 83329D611DD8EFA500A1D258 /* LoginView.swift */; };
		83329D641DD8F42A00A1D258 /* UIImageView+helpers.swift in Sources */ = {isa = PBXBuildFile; fileRef = 83329D631DD8F42A00A1D258 /* UIImageView+helpers.swift */; };
		83329D661DD90DE300A1D258 /* MainNavigationController.swift in Sources */ = {isa = PBXBuildFile; fileRef = 83329D651DD90DE300A1D258 /* MainNavigationController.swift */; };
		83329D681DD913A600A1D258 /* HomeView.swift in Sources */ = {isa = PBXBuildFile; fileRef = 83329D671DD913A600A1D258 /* HomeView.swift */; };
		83329D6A1DDA8A3300A1D258 /* SpecialsController.swift in Sources */ = {isa = PBXBuildFile; fileRef = 83329D691DDA8A3300A1D258 /* SpecialsController.swift */; };
		83329D6C1DDA8DDB00A1D258 /* SpecialCell.swift in Sources */ = {isa = PBXBuildFile; fileRef = 83329D6B1DDA8DDB00A1D258 /* SpecialCell.swift */; };
		83329D6E1DDA90F600A1D258 /* UIView+helpers.swift in Sources */ = {isa = PBXBuildFile; fileRef = 83329D6D1DDA90F600A1D258 /* UIView+helpers.swift */; };
		83329D701DDBCB0300A1D258 /* Special.swift in Sources */ = {isa = PBXBuildFile; fileRef = 83329D6F1DDBCB0300A1D258 /* Special.swift */; };
		83622BD61E351F84006869DD /* StoreAmenitiesController.swift in Sources */ = {isa = PBXBuildFile; fileRef = 83622BD51E351F84006869DD /* StoreAmenitiesController.swift */; };
		8365FD121E1D9C8F0058B999 /* StoreCell.swift in Sources */ = {isa = PBXBuildFile; fileRef = 8365FD111E1D9C8F0058B999 /* StoreCell.swift */; };
		8365FD181E22D4E30058B999 /* StoreDetailsView.swift in Sources */ = {isa = PBXBuildFile; fileRef = 8365FD171E22D4E30058B999 /* StoreDetailsView.swift */; };
		8365FD1A1E22EAEF0058B999 /* OptionsBarView.swift in Sources */ = {isa = PBXBuildFile; fileRef = 8365FD191E22EAEF0058B999 /* OptionsBarView.swift */; };
		8365FD1C1E22F53A0058B999 /* OptionsCell.swift in Sources */ = {isa = PBXBuildFile; fileRef = 8365FD1B1E22F53A0058B999 /* OptionsCell.swift */; };
		8365FD1E1E22F5E60058B999 /* BaseCVCell.swift in Sources */ = {isa = PBXBuildFile; fileRef = 8365FD1D1E22F5E60058B999 /* BaseCVCell.swift */; };
		8365FD221E22F6DC0058B999 /* BaseTVCell.swift in Sources */ = {isa = PBXBuildFile; fileRef = 8365FD211E22F6DC0058B999 /* BaseTVCell.swift */; };
		8365FD241E23434E0058B999 /* Store.swift in Sources */ = {isa = PBXBuildFile; fileRef = 8365FD231E23434E0058B999 /* Store.swift */; };
		83AA87F21DB41CB400AF0402 /* LaunchScreen.storyboard in Resources */ = {isa = PBXBuildFile; fileRef = 83AA87F11DB41CB400AF0402 /* LaunchScreen.storyboard */; };
		83AA87F51DC7CC7500AF0402 /* SpecialDetailsController.swift in Sources */ = {isa = PBXBuildFile; fileRef = 83AA87F41DC7CC7500AF0402 /* SpecialDetailsController.swift */; };
		83ABC6C31E2D4BFD00AD6D4C /* CellWithImage.swift in Sources */ = {isa = PBXBuildFile; fileRef = 83ABC6C21E2D4BFD00AD6D4C /* CellWithImage.swift */; };
		83B1DD231E25DBB100B2DCD6 /* CustomTabBarController.swift in Sources */ = {isa = PBXBuildFile; fileRef = 83B1DD221E25DBB100B2DCD6 /* CustomTabBarController.swift */; };
		83B1DD271E25DC6900B2DCD6 /* BaseView.swift in Sources */ = {isa = PBXBuildFile; fileRef = 83B1DD261E25DC6900B2DCD6 /* BaseView.swift */; };
		83B9BFD11E8A2186001F5885 /* User+CoreDataProperties.swift in Sources */ = {isa = PBXBuildFile; fileRef = 83B9BFD01E8A2186001F5885 /* User+CoreDataProperties.swift */; };
		83DCE5591E70555400513CFD /* User.swift in Sources */ = {isa = PBXBuildFile; fileRef = 83DCE5581E70555400513CFD /* User.swift */; };
		83DCE55B1E7061F000513CFD /* ProfileController.swift in Sources */ = {isa = PBXBuildFile; fileRef = 83DCE55A1E7061F000513CFD /* ProfileController.swift */; };
		83DCE55D1E71090200513CFD /* CellWithTextInput.swift in Sources */ = {isa = PBXBuildFile; fileRef = 83DCE55C1E71090200513CFD /* CellWithTextInput.swift */; };
		83DCE55F1E71A9F100513CFD /* Helpers.swift in Sources */ = {isa = PBXBuildFile; fileRef = 83DCE55E1E71A9F100513CFD /* Helpers.swift */; };
		83DCE58F1E7C53C600513CFD /* CoreDataStack.swift in Sources */ = {isa = PBXBuildFile; fileRef = 83DCE58E1E7C53C600513CFD /* CoreDataStack.swift */; };
		83DCE5A21E7DA16300513CFD /* storeApp.xcdatamodeld in Sources */ = {isa = PBXBuildFile; fileRef = 83DCE5A01E7DA16300513CFD /* storeApp.xcdatamodeld */; };
		83DCE5B11E7EF9EB00513CFD /* User+CoreDataClass.swift in Sources */ = {isa = PBXBuildFile; fileRef = 83DCE5AF1E7EF9EB00513CFD /* User+CoreDataClass.swift */; };
		83DD38C81E36C7320082B3D6 /* AboutController.swift in Sources */ = {isa = PBXBuildFile; fileRef = 83DD38C71E36C7320082B3D6 /* AboutController.swift */; };
		83DD38CB1E36C8590082B3D6 /* AboutView.swift in Sources */ = {isa = PBXBuildFile; fileRef = 83DD38CA1E36C8590082B3D6 /* AboutView.swift */; };
		83FFDA281E27221A0098E9FB /* CustomTabBarCell.swift in Sources */ = {isa = PBXBuildFile; fileRef = 83FFDA271E27221A0098E9FB /* CustomTabBarCell.swift */; };
		83FFDA2C1E293D3E0098E9FB /* NSUserDefaults+helpers.swift in Sources */ = {isa = PBXBuildFile; fileRef = 83FFDA2B1E293D3E0098E9FB /* NSUserDefaults+helpers.swift */; };
		83FFDA2E1E2A79C50098E9FB /* SpecialView.swift in Sources */ = {isa = PBXBuildFile; fileRef = 83FFDA2D1E2A79C50098E9FB /* SpecialView.swift */; };
		83FFDA331E2AC93E0098E9FB /* AppCollectionViewController.swift in Sources */ = {isa = PBXBuildFile; fileRef = 83FFDA321E2AC93E0098E9FB /* AppCollectionViewController.swift */; };
		83FFDA351E2C7F170098E9FB /* StoreDetailsController.swift in Sources */ = {isa = PBXBuildFile; fileRef = 83FFDA341E2C7F170098E9FB /* StoreDetailsController.swift */; };
		83FFDA381E2D1CED0098E9FB /* InfoCell.swift in Sources */ = {isa = PBXBuildFile; fileRef = 83FFDA371E2D1CED0098E9FB /* InfoCell.swift */; };
		83FFDA3A1E2D1D070098E9FB /* LocatorCell.swift in Sources */ = {isa = PBXBuildFile; fileRef = 83FFDA391E2D1D070098E9FB /* LocatorCell.swift */; };
		D8931C6E205EFE2A1CA0F117 /* Pods_storeApp.framework in Frameworks */ = {isa = PBXBuildFile; fileRef = 35D49B904B80CB5F85916BA1 /* Pods_storeApp.framework */; };
/* End PBXBuildFile section */

/* Begin PBXContainerItemProxy section */
		830032391D4954020046848A /* PBXContainerItemProxy */ = {
			isa = PBXContainerItemProxy;
			containerPortal = 830032111D4954010046848A /* Project object */;
			proxyType = 1;
			remoteGlobalIDString = 830032181D4954010046848A;
			remoteInfo = storeApp;
		};
/* End PBXContainerItemProxy section */

/* Begin PBXFileReference section */
		1943E5E2D2843B29A2295F1A /* Pods-storeApp.release.xcconfig */ = {isa = PBXFileReference; includeInIndex = 1; lastKnownFileType = text.xcconfig; name = "Pods-storeApp.release.xcconfig"; path = "Pods/Target Support Files/Pods-storeApp/Pods-storeApp.release.xcconfig"; sourceTree = "<group>"; };
		35D49B904B80CB5F85916BA1 /* Pods_storeApp.framework */ = {isa = PBXFileReference; explicitFileType = wrapper.framework; includeInIndex = 0; path = Pods_storeApp.framework; sourceTree = BUILT_PRODUCTS_DIR; };
		3D6CE1841E91598830165D2C /* Pods-storeApp.debug.xcconfig */ = {isa = PBXFileReference; includeInIndex = 1; lastKnownFileType = text.xcconfig; name = "Pods-storeApp.debug.xcconfig"; path = "Pods/Target Support Files/Pods-storeApp/Pods-storeApp.debug.xcconfig"; sourceTree = "<group>"; };
		830032191D4954010046848A /* storeApp.app */ = {isa = PBXFileReference; explicitFileType = wrapper.application; includeInIndex = 0; path = storeApp.app; sourceTree = BUILT_PRODUCTS_DIR; };
		8300321C1D4954010046848A /* AppDelegate.swift */ = {isa = PBXFileReference; lastKnownFileType = sourcecode.swift; path = AppDelegate.swift; sourceTree = "<group>"; };
		8300321E1D4954010046848A /* HomeController.swift */ = {isa = PBXFileReference; lastKnownFileType = sourcecode.swift; path = HomeController.swift; sourceTree = "<group>"; };
		830032211D4954010046848A /* Base */ = {isa = PBXFileReference; lastKnownFileType = file.storyboard; name = Base; path = Base.lproj/Main.storyboard; sourceTree = "<group>"; };
		830032231D4954010046848A /* Assets.xcassets */ = {isa = PBXFileReference; lastKnownFileType = folder.assetcatalog; path = Assets.xcassets; sourceTree = "<group>"; };
		830032281D4954010046848A /* Info.plist */ = {isa = PBXFileReference; lastKnownFileType = text.plist.xml; path = Info.plist; sourceTree = "<group>"; };
		830032311D4954020046848A /* storeAppTests.swift */ = {isa = PBXFileReference; lastKnownFileType = sourcecode.swift; path = storeAppTests.swift; sourceTree = "<group>"; };
		830032331D4954020046848A /* Info.plist */ = {isa = PBXFileReference; lastKnownFileType = text.plist.xml; path = Info.plist; sourceTree = "<group>"; };
		830032381D4954020046848A /* storeAppUITests.xctest */ = {isa = PBXFileReference; explicitFileType = wrapper.cfbundle; includeInIndex = 0; path = storeAppUITests.xctest; sourceTree = BUILT_PRODUCTS_DIR; };
		8300323C1D4954020046848A /* storeAppUITests.swift */ = {isa = PBXFileReference; lastKnownFileType = sourcecode.swift; path = storeAppUITests.swift; sourceTree = "<group>"; };
		8300323E1D4954020046848A /* Info.plist */ = {isa = PBXFileReference; lastKnownFileType = text.plist.xml; path = Info.plist; sourceTree = "<group>"; };
		8300324B1D4962C10046848A /* Configuration.swift */ = {isa = PBXFileReference; fileEncoding = 4; lastKnownFileType = sourcecode.swift; path = Configuration.swift; sourceTree = "<group>"; };
		8300327E1D640D660046848A /* StoreLocatorController.swift */ = {isa = PBXFileReference; fileEncoding = 4; lastKnownFileType = sourcecode.swift; path = StoreLocatorController.swift; sourceTree = "<group>"; };
		830032851D76185C0046848A /* APIClient.swift */ = {isa = PBXFileReference; fileEncoding = 4; lastKnownFileType = sourcecode.swift; path = APIClient.swift; sourceTree = "<group>"; };
		8300328C1D7F82070046848A /* CoreLocation.framework */ = {isa = PBXFileReference; lastKnownFileType = wrapper.framework; name = CoreLocation.framework; path = System/Library/Frameworks/CoreLocation.framework; sourceTree = SDKROOT; };
		8300328E1D810A620046848A /* AppViewController.swift */ = {isa = PBXFileReference; fileEncoding = 4; lastKnownFileType = sourcecode.swift; path = AppViewController.swift; sourceTree = "<group>"; };
		8307CAC21DAC1E7600EADCFC /* storeApp.entitlements */ = {isa = PBXFileReference; lastKnownFileType = text.plist.entitlements; path = storeApp.entitlements; sourceTree = "<group>"; };
		8307CAC51DAF121D00EADCFC /* LoginController.swift */ = {isa = PBXFileReference; fileEncoding = 4; lastKnownFileType = sourcecode.swift; path = LoginController.swift; sourceTree = "<group>"; };
		831E5A031E372034007B2FE7 /* EmploymentController.swift */ = {isa = PBXFileReference; fileEncoding = 4; lastKnownFileType = sourcecode.swift; path = EmploymentController.swift; sourceTree = "<group>"; };
		831E5A061E37236B007B2FE7 /* WebsiteController.swift */ = {isa = PBXFileReference; fileEncoding = 4; lastKnownFileType = sourcecode.swift; path = WebsiteController.swift; sourceTree = "<group>"; };
		831E5A081E39614A007B2FE7 /* LocatorTableHeader.swift */ = {isa = PBXFileReference; fileEncoding = 4; lastKnownFileType = sourcecode.swift; path = LocatorTableHeader.swift; sourceTree = "<group>"; };
		831E5A0E1E424D86007B2FE7 /* SignupController.swift */ = {isa = PBXFileReference; fileEncoding = 4; lastKnownFileType = sourcecode.swift; path = SignupController.swift; sourceTree = "<group>"; };
		831E5A101E424E71007B2FE7 /* SignupView.swift */ = {isa = PBXFileReference; fileEncoding = 4; lastKnownFileType = sourcecode.swift; path = SignupView.swift; sourceTree = "<group>"; };
		831E5A1C1E42638C007B2FE7 /* LeftPaddedTextField.swift */ = {isa = PBXFileReference; fileEncoding = 4; lastKnownFileType = sourcecode.swift; path = LeftPaddedTextField.swift; sourceTree = "<group>"; };
		832DEF941E371101001F8404 /* SettingsController.swift */ = {isa = PBXFileReference; fileEncoding = 4; lastKnownFileType = sourcecode.swift; path = SettingsController.swift; sourceTree = "<group>"; };
		83329D5F1DD8CFCF00A1D258 /* UserDefaults+helpers.swift */ = {isa = PBXFileReference; fileEncoding = 4; lastKnownFileType = sourcecode.swift; path = "UserDefaults+helpers.swift"; sourceTree = "<group>"; };
		83329D611DD8EFA500A1D258 /* LoginView.swift */ = {isa = PBXFileReference; fileEncoding = 4; lastKnownFileType = sourcecode.swift; path = LoginView.swift; sourceTree = "<group>"; };
		83329D631DD8F42A00A1D258 /* UIImageView+helpers.swift */ = {isa = PBXFileReference; fileEncoding = 4; lastKnownFileType = sourcecode.swift; path = "UIImageView+helpers.swift"; sourceTree = "<group>"; };
		83329D651DD90DE300A1D258 /* MainNavigationController.swift */ = {isa = PBXFileReference; fileEncoding = 4; lastKnownFileType = sourcecode.swift; path = MainNavigationController.swift; sourceTree = "<group>"; };
		83329D671DD913A600A1D258 /* HomeView.swift */ = {isa = PBXFileReference; fileEncoding = 4; lastKnownFileType = sourcecode.swift; path = HomeView.swift; sourceTree = "<group>"; };
		83329D691DDA8A3300A1D258 /* SpecialsController.swift */ = {isa = PBXFileReference; fileEncoding = 4; lastKnownFileType = sourcecode.swift; path = SpecialsController.swift; sourceTree = "<group>"; };
		83329D6B1DDA8DDB00A1D258 /* SpecialCell.swift */ = {isa = PBXFileReference; fileEncoding = 4; lastKnownFileType = sourcecode.swift; path = SpecialCell.swift; sourceTree = "<group>"; };
		83329D6D1DDA90F600A1D258 /* UIView+helpers.swift */ = {isa = PBXFileReference; fileEncoding = 4; lastKnownFileType = sourcecode.swift; path = "UIView+helpers.swift"; sourceTree = "<group>"; };
		83329D6F1DDBCB0300A1D258 /* Special.swift */ = {isa = PBXFileReference; fileEncoding = 4; lastKnownFileType = sourcecode.swift; path = Special.swift; sourceTree = "<group>"; };
		83622BD51E351F84006869DD /* StoreAmenitiesController.swift */ = {isa = PBXFileReference; fileEncoding = 4; lastKnownFileType = sourcecode.swift; path = StoreAmenitiesController.swift; sourceTree = "<group>"; };
		8365FD111E1D9C8F0058B999 /* StoreCell.swift */ = {isa = PBXFileReference; fileEncoding = 4; lastKnownFileType = sourcecode.swift; path = StoreCell.swift; sourceTree = "<group>"; };
		8365FD171E22D4E30058B999 /* StoreDetailsView.swift */ = {isa = PBXFileReference; fileEncoding = 4; lastKnownFileType = sourcecode.swift; path = StoreDetailsView.swift; sourceTree = "<group>"; };
		8365FD191E22EAEF0058B999 /* OptionsBarView.swift */ = {isa = PBXFileReference; fileEncoding = 4; lastKnownFileType = sourcecode.swift; path = OptionsBarView.swift; sourceTree = "<group>"; };
		8365FD1B1E22F53A0058B999 /* OptionsCell.swift */ = {isa = PBXFileReference; fileEncoding = 4; lastKnownFileType = sourcecode.swift; path = OptionsCell.swift; sourceTree = "<group>"; };
		8365FD1D1E22F5E60058B999 /* BaseCVCell.swift */ = {isa = PBXFileReference; fileEncoding = 4; lastKnownFileType = sourcecode.swift; path = BaseCVCell.swift; sourceTree = "<group>"; };
		8365FD211E22F6DC0058B999 /* BaseTVCell.swift */ = {isa = PBXFileReference; fileEncoding = 4; lastKnownFileType = sourcecode.swift; path = BaseTVCell.swift; sourceTree = "<group>"; };
		8365FD231E23434E0058B999 /* Store.swift */ = {isa = PBXFileReference; fileEncoding = 4; lastKnownFileType = sourcecode.swift; path = Store.swift; sourceTree = "<group>"; };
		83AA87F11DB41CB400AF0402 /* LaunchScreen.storyboard */ = {isa = PBXFileReference; fileEncoding = 4; lastKnownFileType = file.storyboard; path = LaunchScreen.storyboard; sourceTree = "<group>"; };
		83AA87F41DC7CC7500AF0402 /* SpecialDetailsController.swift */ = {isa = PBXFileReference; fileEncoding = 4; lastKnownFileType = sourcecode.swift; path = SpecialDetailsController.swift; sourceTree = "<group>"; };
		83ABC6C21E2D4BFD00AD6D4C /* CellWithImage.swift */ = {isa = PBXFileReference; fileEncoding = 4; lastKnownFileType = sourcecode.swift; path = CellWithImage.swift; sourceTree = "<group>"; };
		83B1DD221E25DBB100B2DCD6 /* CustomTabBarController.swift */ = {isa = PBXFileReference; fileEncoding = 4; lastKnownFileType = sourcecode.swift; path = CustomTabBarController.swift; sourceTree = "<group>"; };
		83B1DD261E25DC6900B2DCD6 /* BaseView.swift */ = {isa = PBXFileReference; fileEncoding = 4; lastKnownFileType = sourcecode.swift; path = BaseView.swift; sourceTree = "<group>"; };
		83B9BFD01E8A2186001F5885 /* User+CoreDataProperties.swift */ = {isa = PBXFileReference; fileEncoding = 4; lastKnownFileType = sourcecode.swift; path = "User+CoreDataProperties.swift"; sourceTree = "<group>"; };
		83DCE5581E70555400513CFD /* User.swift */ = {isa = PBXFileReference; fileEncoding = 4; lastKnownFileType = sourcecode.swift; path = User.swift; sourceTree = "<group>"; };
		83DCE55A1E7061F000513CFD /* ProfileController.swift */ = {isa = PBXFileReference; fileEncoding = 4; lastKnownFileType = sourcecode.swift; path = ProfileController.swift; sourceTree = "<group>"; };
		83DCE55C1E71090200513CFD /* CellWithTextInput.swift */ = {isa = PBXFileReference; fileEncoding = 4; lastKnownFileType = sourcecode.swift; path = CellWithTextInput.swift; sourceTree = "<group>"; };
		83DCE55E1E71A9F100513CFD /* Helpers.swift */ = {isa = PBXFileReference; fileEncoding = 4; lastKnownFileType = sourcecode.swift; path = Helpers.swift; sourceTree = "<group>"; };
		83DCE58E1E7C53C600513CFD /* CoreDataStack.swift */ = {isa = PBXFileReference; fileEncoding = 4; lastKnownFileType = sourcecode.swift; path = CoreDataStack.swift; sourceTree = "<group>"; };
		83DCE5A11E7DA16300513CFD /* storeApp.xcdatamodel */ = {isa = PBXFileReference; lastKnownFileType = wrapper.xcdatamodel; path = storeApp.xcdatamodel; sourceTree = "<group>"; };
		83DCE5AF1E7EF9EB00513CFD /* User+CoreDataClass.swift */ = {isa = PBXFileReference; fileEncoding = 4; lastKnownFileType = sourcecode.swift; path = "User+CoreDataClass.swift"; sourceTree = "<group>"; };
		83DD38C71E36C7320082B3D6 /* AboutController.swift */ = {isa = PBXFileReference; fileEncoding = 4; lastKnownFileType = sourcecode.swift; path = AboutController.swift; sourceTree = "<group>"; };
		83DD38CA1E36C8590082B3D6 /* AboutView.swift */ = {isa = PBXFileReference; fileEncoding = 4; lastKnownFileType = sourcecode.swift; path = AboutView.swift; sourceTree = "<group>"; };
		83FFDA271E27221A0098E9FB /* CustomTabBarCell.swift */ = {isa = PBXFileReference; fileEncoding = 4; lastKnownFileType = sourcecode.swift; path = CustomTabBarCell.swift; sourceTree = "<group>"; };
		83FFDA2B1E293D3E0098E9FB /* NSUserDefaults+helpers.swift */ = {isa = PBXFileReference; fileEncoding = 4; lastKnownFileType = sourcecode.swift; path = "NSUserDefaults+helpers.swift"; sourceTree = "<group>"; };
		83FFDA2D1E2A79C50098E9FB /* SpecialView.swift */ = {isa = PBXFileReference; fileEncoding = 4; lastKnownFileType = sourcecode.swift; path = SpecialView.swift; sourceTree = "<group>"; };
		83FFDA321E2AC93E0098E9FB /* AppCollectionViewController.swift */ = {isa = PBXFileReference; fileEncoding = 4; lastKnownFileType = sourcecode.swift; path = AppCollectionViewController.swift; sourceTree = "<group>"; };
		83FFDA341E2C7F170098E9FB /* StoreDetailsController.swift */ = {isa = PBXFileReference; fileEncoding = 4; lastKnownFileType = sourcecode.swift; path = StoreDetailsController.swift; sourceTree = "<group>"; };
		83FFDA371E2D1CED0098E9FB /* InfoCell.swift */ = {isa = PBXFileReference; fileEncoding = 4; lastKnownFileType = sourcecode.swift; path = InfoCell.swift; sourceTree = "<group>"; };
		83FFDA391E2D1D070098E9FB /* LocatorCell.swift */ = {isa = PBXFileReference; fileEncoding = 4; lastKnownFileType = sourcecode.swift; path = LocatorCell.swift; sourceTree = "<group>"; };
/* End PBXFileReference section */

/* Begin PBXFrameworksBuildPhase section */
		830032351D4954020046848A /* Frameworks */ = {
			isa = PBXFrameworksBuildPhase;
			buildActionMask = 2147483647;
			files = (
			);
			runOnlyForDeploymentPostprocessing = 0;
		};
		8C5FC5037E173E8C1D3528D5 /* Frameworks */ = {
			isa = PBXFrameworksBuildPhase;
			buildActionMask = 2147483647;
			files = (
				D8931C6E205EFE2A1CA0F117 /* Pods_storeApp.framework in Frameworks */,
			);
			runOnlyForDeploymentPostprocessing = 0;
		};
/* End PBXFrameworksBuildPhase section */

/* Begin PBXGroup section */
		6AF8361B315EB17066A6C394 /* Frameworks */ = {
			isa = PBXGroup;
			children = (
				8300328C1D7F82070046848A /* CoreLocation.framework */,
				35D49B904B80CB5F85916BA1 /* Pods_storeApp.framework */,
			);
			name = Frameworks;
			path = ../../timelyRewards/storeApp;
			sourceTree = "<group>";
		};
		830032101D4954010046848A = {
			isa = PBXGroup;
			children = (
				83DCE58E1E7C53C600513CFD /* CoreDataStack.swift */,
				8300321B1D4954010046848A /* storeApp */,
				830032301D4954020046848A /* storeAppTests */,
				8300323B1D4954020046848A /* storeAppUITests */,
				8300321A1D4954010046848A /* Products */,
				6AF8361B315EB17066A6C394 /* Frameworks */,
				A36AE1DF37265402B2F48585 /* Pods */,
			);
			sourceTree = "<group>";
		};
		8300321A1D4954010046848A /* Products */ = {
			isa = PBXGroup;
			children = (
				830032191D4954010046848A /* storeApp.app */,
				830032381D4954020046848A /* storeAppUITests.xctest */,
			);
			name = Products;
			path = ../../timelyRewards/storeApp;
			sourceTree = "<group>";
		};
		8300321B1D4954010046848A /* storeApp */ = {
			isa = PBXGroup;
			children = (
				83DCE5931E7D9FA800513CFD /* Core Data Models */,
				830032871D7628D80046848A /* Models */,
				8365FD101E1D9C740058B999 /* Cells */,
				831E5A121E424E82007B2FE7 /* View/Controller Groups */,
				831E5A1E1E42639A007B2FE7 /* Abstract Classes */,
				8300325B1D4BC4B20046848A /* AbstractControllers */,
				830032581D4BC4220046848A /* Extensions */,
				830032841D7618130046848A /* Services */,
				8300321C1D4954010046848A /* AppDelegate.swift */,
				83329D651DD90DE300A1D258 /* MainNavigationController.swift */,
				830032201D4954010046848A /* Main.storyboard */,
				83AA87F11DB41CB400AF0402 /* LaunchScreen.storyboard */,
				830032231D4954010046848A /* Assets.xcassets */,
				830032281D4954010046848A /* Info.plist */,
				8307CAC21DAC1E7600EADCFC /* storeApp.entitlements */,
				83DCE5A01E7DA16300513CFD /* storeApp.xcdatamodeld */,
			);
			name = storeApp;
			path = ../../timelyRewards/storeApp/storeApp;
			sourceTree = "<group>";
		};
		830032301D4954020046848A /* storeAppTests */ = {
			isa = PBXGroup;
			children = (
				830032311D4954020046848A /* storeAppTests.swift */,
				830032331D4954020046848A /* Info.plist */,
			);
			name = storeAppTests;
			path = ../../timelyRewards/storeApp/storeAppTests;
			sourceTree = "<group>";
		};
		8300323B1D4954020046848A /* storeAppUITests */ = {
			isa = PBXGroup;
			children = (
				8300323C1D4954020046848A /* storeAppUITests.swift */,
				8300323E1D4954020046848A /* Info.plist */,
			);
			name = storeAppUITests;
			path = ../../timelyRewards/storeApp/storeAppUITests;
			sourceTree = "<group>";
		};
		830032581D4BC4220046848A /* Extensions */ = {
			isa = PBXGroup;
			children = (
				83329D6D1DDA90F600A1D258 /* UIView+helpers.swift */,
				83329D631DD8F42A00A1D258 /* UIImageView+helpers.swift */,
				83329D5F1DD8CFCF00A1D258 /* UserDefaults+helpers.swift */,
				83FFDA2B1E293D3E0098E9FB /* NSUserDefaults+helpers.swift */,
			);
			name = Extensions;
			sourceTree = "<group>";
		};
		8300325B1D4BC4B20046848A /* AbstractControllers */ = {
			isa = PBXGroup;
			children = (
				83B1DD261E25DC6900B2DCD6 /* BaseView.swift */,
				8300328E1D810A620046848A /* AppViewController.swift */,
				83FFDA321E2AC93E0098E9FB /* AppCollectionViewController.swift */,
			);
			name = AbstractControllers;
			sourceTree = "<group>";
		};
		830032841D7618130046848A /* Services */ = {
			isa = PBXGroup;
			children = (
				8300324B1D4962C10046848A /* Configuration.swift */,
				830032851D76185C0046848A /* APIClient.swift */,
				83DCE55E1E71A9F100513CFD /* Helpers.swift */,
			);
			name = Services;
			sourceTree = "<group>";
		};
		830032871D7628D80046848A /* Models */ = {
			isa = PBXGroup;
			children = (
				8365FD231E23434E0058B999 /* Store.swift */,
				83329D6F1DDBCB0300A1D258 /* Special.swift */,
				83DCE5581E70555400513CFD /* User.swift */,
			);
			name = Models;
			sourceTree = "<group>";
		};
		831E5A051E37203E007B2FE7 /* Settings Controllers */ = {
			isa = PBXGroup;
			children = (
				832DEF941E371101001F8404 /* SettingsController.swift */,
				831E5A031E372034007B2FE7 /* EmploymentController.swift */,
				831E5A061E37236B007B2FE7 /* WebsiteController.swift */,
				83DCE55A1E7061F000513CFD /* ProfileController.swift */,
			);
			name = "Settings Controllers";
			sourceTree = "<group>";
		};
		831E5A121E424E82007B2FE7 /* View/Controller Groups */ = {
			isa = PBXGroup;
			children = (
				831E5A171E424F45007B2FE7 /* Tabs */,
				831E5A131E424E8D007B2FE7 /* Home */,
				831E5A141E424EA5007B2FE7 /* Login/Signup */,
			);
			name = "View/Controller Groups";
			sourceTree = "<group>";
		};
		831E5A131E424E8D007B2FE7 /* Home */ = {
			isa = PBXGroup;
			children = (
				8300321E1D4954010046848A /* HomeController.swift */,
				83329D671DD913A600A1D258 /* HomeView.swift */,
				83B1DD221E25DBB100B2DCD6 /* CustomTabBarController.swift */,
			);
			name = Home;
			sourceTree = "<group>";
		};
		831E5A141E424EA5007B2FE7 /* Login/Signup */ = {
			isa = PBXGroup;
			children = (
				8307CAC51DAF121D00EADCFC /* LoginController.swift */,
				83329D611DD8EFA500A1D258 /* LoginView.swift */,
				831E5A0E1E424D86007B2FE7 /* SignupController.swift */,
				831E5A101E424E71007B2FE7 /* SignupView.swift */,
			);
			name = Login/Signup;
			sourceTree = "<group>";
		};
		831E5A151E424EF4007B2FE7 /* Stores */ = {
			isa = PBXGroup;
			children = (
				8365FD131E22D3EC0058B999 /* Stores Controllers */,
				8365FD161E22D4030058B999 /* Stores Views */,
			);
			name = Stores;
			sourceTree = "<group>";
		};
		831E5A161E424F2C007B2FE7 /* Specials */ = {
			isa = PBXGroup;
			children = (
				83AA87F31DC7CC1600AF0402 /* Specials Controllers */,
				83FFDA2D1E2A79C50098E9FB /* SpecialView.swift */,
			);
			name = Specials;
			sourceTree = "<group>";
		};
		831E5A171E424F45007B2FE7 /* Tabs */ = {
			isa = PBXGroup;
			children = (
				831E5A191E424F93007B2FE7 /* Settings */,
				831E5A181E424F87007B2FE7 /* About */,
				831E5A151E424EF4007B2FE7 /* Stores */,
				831E5A161E424F2C007B2FE7 /* Specials */,
			);
			name = Tabs;
			sourceTree = "<group>";
		};
		831E5A181E424F87007B2FE7 /* About */ = {
			isa = PBXGroup;
			children = (
				83DD38C71E36C7320082B3D6 /* AboutController.swift */,
				83DD38CA1E36C8590082B3D6 /* AboutView.swift */,
			);
			name = About;
			sourceTree = "<group>";
		};
		831E5A191E424F93007B2FE7 /* Settings */ = {
			isa = PBXGroup;
			children = (
				831E5A051E37203E007B2FE7 /* Settings Controllers */,
			);
			name = Settings;
			sourceTree = "<group>";
		};
		831E5A1E1E42639A007B2FE7 /* Abstract Classes */ = {
			isa = PBXGroup;
			children = (
				831E5A1C1E42638C007B2FE7 /* LeftPaddedTextField.swift */,
			);
			name = "Abstract Classes";
			sourceTree = "<group>";
		};
		8365FD101E1D9C740058B999 /* Cells */ = {
			isa = PBXGroup;
			children = (
				8365FD201E22F6CE0058B999 /* TV Cells */,
				8365FD1F1E22F6BF0058B999 /* CV Cells */,
			);
			name = Cells;
			sourceTree = "<group>";
		};
		8365FD131E22D3EC0058B999 /* Stores Controllers */ = {
			isa = PBXGroup;
			children = (
				8300327E1D640D660046848A /* StoreLocatorController.swift */,
				83FFDA341E2C7F170098E9FB /* StoreDetailsController.swift */,
				83622BD51E351F84006869DD /* StoreAmenitiesController.swift */,
			);
			name = "Stores Controllers";
			sourceTree = "<group>";
		};
		8365FD161E22D4030058B999 /* Stores Views */ = {
			isa = PBXGroup;
			children = (
				8365FD171E22D4E30058B999 /* StoreDetailsView.swift */,
				8365FD191E22EAEF0058B999 /* OptionsBarView.swift */,
			);
			name = "Stores Views";
			sourceTree = "<group>";
		};
		8365FD1F1E22F6BF0058B999 /* CV Cells */ = {
			isa = PBXGroup;
			children = (
				8365FD1D1E22F5E60058B999 /* BaseCVCell.swift */,
				83329D6B1DDA8DDB00A1D258 /* SpecialCell.swift */,
				8365FD1B1E22F53A0058B999 /* OptionsCell.swift */,
				83FFDA271E27221A0098E9FB /* CustomTabBarCell.swift */,
			);
			name = "CV Cells";
			sourceTree = "<group>";
		};
		8365FD201E22F6CE0058B999 /* TV Cells */ = {
			isa = PBXGroup;
			children = (
				8365FD211E22F6DC0058B999 /* BaseTVCell.swift */,
				83FFDA361E2D1CC00098E9FB /* Store Details Cells */,
				8365FD111E1D9C8F0058B999 /* StoreCell.swift */,
				831E5A081E39614A007B2FE7 /* LocatorTableHeader.swift */,
				83DCE55C1E71090200513CFD /* CellWithTextInput.swift */,
			);
			name = "TV Cells";
			sourceTree = "<group>";
		};
		83AA87F31DC7CC1600AF0402 /* Specials Controllers */ = {
			isa = PBXGroup;
			children = (
				83329D691DDA8A3300A1D258 /* SpecialsController.swift */,
				83AA87F41DC7CC7500AF0402 /* SpecialDetailsController.swift */,
			);
			name = "Specials Controllers";
			sourceTree = "<group>";
		};
		83DCE5931E7D9FA800513CFD /* Core Data Models */ = {
			isa = PBXGroup;
			children = (
				83DCE5AF1E7EF9EB00513CFD /* User+CoreDataClass.swift */,
				83B9BFD01E8A2186001F5885 /* User+CoreDataProperties.swift */,
			);
			name = "Core Data Models";
			sourceTree = "<group>";
		};
		83FFDA361E2D1CC00098E9FB /* Store Details Cells */ = {
			isa = PBXGroup;
			children = (
				83FFDA371E2D1CED0098E9FB /* InfoCell.swift */,
				83FFDA391E2D1D070098E9FB /* LocatorCell.swift */,
				83ABC6C21E2D4BFD00AD6D4C /* CellWithImage.swift */,
			);
			name = "Store Details Cells";
			sourceTree = "<group>";
		};
		A36AE1DF37265402B2F48585 /* Pods */ = {
			isa = PBXGroup;
			children = (
				3D6CE1841E91598830165D2C /* Pods-storeApp.debug.xcconfig */,
				1943E5E2D2843B29A2295F1A /* Pods-storeApp.release.xcconfig */,
			);
			name = Pods;
			sourceTree = "<group>";
		};
/* End PBXGroup section */

/* Begin PBXNativeTarget section */
		830032181D4954010046848A /* storeApp */ = {
			isa = PBXNativeTarget;
			buildConfigurationList = 830032411D4954020046848A /* Build configuration list for PBXNativeTarget "storeApp" */;
			buildPhases = (
				D34428E3AAD5E28A578E311E /* [CP] Check Pods Manifest.lock */,
				830032151D4954010046848A /* Sources */,
				830032171D4954010046848A /* Resources */,
				8C5FC5037E173E8C1D3528D5 /* Frameworks */,
				6D817E285AC7A840512CC24B /* [CP] Embed Pods Frameworks */,
				F79805EEB92DEE437B50F881 /* [CP] Copy Pods Resources */,
			);
			buildRules = (
			);
			dependencies = (
			);
			name = storeApp;
			productName = storeApp;
			productReference = 830032191D4954010046848A /* storeApp.app */;
			productType = "com.apple.product-type.application";
		};
		830032371D4954020046848A /* storeAppUITests */ = {
			isa = PBXNativeTarget;
			buildConfigurationList = 830032471D4954020046848A /* Build configuration list for PBXNativeTarget "storeAppUITests" */;
			buildPhases = (
				830032341D4954020046848A /* Sources */,
				830032351D4954020046848A /* Frameworks */,
				830032361D4954020046848A /* Resources */,
			);
			buildRules = (
			);
			dependencies = (
				8300323A1D4954020046848A /* PBXTargetDependency */,
			);
			name = storeAppUITests;
			productName = storeAppUITests;
			productReference = 830032381D4954020046848A /* storeAppUITests.xctest */;
			productType = "com.apple.product-type.bundle.ui-testing";
		};
/* End PBXNativeTarget section */

/* Begin PBXProject section */
		830032111D4954010046848A /* Project object */ = {
			isa = PBXProject;
			attributes = {
				LastSwiftUpdateCheck = 0730;
				LastUpgradeCheck = 0820;
				ORGANIZATIONNAME = Codesmiths;
				TargetAttributes = {
					830032181D4954010046848A = {
						CreatedOnToolsVersion = 7.3.1;
						DevelopmentTeam = AE6HH2QNHY;
						LastSwiftMigration = 0800;
						ProvisioningStyle = Automatic;
						SystemCapabilities = {
							com.apple.Keychain = {
								enabled = 1;
							};
							com.apple.iCloud = {
								enabled = 0;
							};
						};
					};
					830032371D4954020046848A = {
						CreatedOnToolsVersion = 7.3.1;
						LastSwiftMigration = 0800;
						TestTargetID = 830032181D4954010046848A;
					};
				};
			};
			buildConfigurationList = 830032141D4954010046848A /* Build configuration list for PBXProject "storeApp" */;
			compatibilityVersion = "Xcode 3.2";
			developmentRegion = English;
			hasScannedForEncodings = 0;
			knownRegions = (
				en,
				Base,
			);
			mainGroup = 830032101D4954010046848A;
			productRefGroup = 8300321A1D4954010046848A /* Products */;
			projectDirPath = "";
			projectRoot = "";
			targets = (
				830032181D4954010046848A /* storeApp */,
				830032371D4954020046848A /* storeAppUITests */,
			);
		};
/* End PBXProject section */

/* Begin PBXResourcesBuildPhase section */
		830032171D4954010046848A /* Resources */ = {
			isa = PBXResourcesBuildPhase;
			buildActionMask = 2147483647;
			files = (
				830032241D4954010046848A /* Assets.xcassets in Resources */,
				83AA87F21DB41CB400AF0402 /* LaunchScreen.storyboard in Resources */,
				830032221D4954010046848A /* Main.storyboard in Resources */,
			);
			runOnlyForDeploymentPostprocessing = 0;
		};
		830032361D4954020046848A /* Resources */ = {
			isa = PBXResourcesBuildPhase;
			buildActionMask = 2147483647;
			files = (
			);
			runOnlyForDeploymentPostprocessing = 0;
		};
/* End PBXResourcesBuildPhase section */

/* Begin PBXShellScriptBuildPhase section */
		6D817E285AC7A840512CC24B /* [CP] Embed Pods Frameworks */ = {
			isa = PBXShellScriptBuildPhase;
			buildActionMask = 2147483647;
			files = (
			);
			inputPaths = (
			);
			name = "[CP] Embed Pods Frameworks";
			outputPaths = (
			);
			runOnlyForDeploymentPostprocessing = 0;
			shellPath = /bin/sh;
			shellScript = "\"${SRCROOT}/Pods/Target Support Files/Pods-storeApp/Pods-storeApp-frameworks.sh\"\n";
			showEnvVarsInLog = 0;
		};
		D34428E3AAD5E28A578E311E /* [CP] Check Pods Manifest.lock */ = {
			isa = PBXShellScriptBuildPhase;
			buildActionMask = 2147483647;
			files = (
			);
			inputPaths = (
			);
			name = "[CP] Check Pods Manifest.lock";
			outputPaths = (
			);
			runOnlyForDeploymentPostprocessing = 0;
			shellPath = /bin/sh;
			shellScript = "diff \"${PODS_ROOT}/../Podfile.lock\" \"${PODS_ROOT}/Manifest.lock\" > /dev/null\nif [ $? != 0 ] ; then\n    # print error to STDERR\n    echo \"error: The sandbox is not in sync with the Podfile.lock. Run 'pod install' or update your CocoaPods installation.\" >&2\n    exit 1\nfi\n";
			showEnvVarsInLog = 0;
		};
		F79805EEB92DEE437B50F881 /* [CP] Copy Pods Resources */ = {
			isa = PBXShellScriptBuildPhase;
			buildActionMask = 2147483647;
			files = (
			);
			inputPaths = (
			);
			name = "[CP] Copy Pods Resources";
			outputPaths = (
			);
			runOnlyForDeploymentPostprocessing = 0;
			shellPath = /bin/sh;
			shellScript = "\"${SRCROOT}/Pods/Target Support Files/Pods-storeApp/Pods-storeApp-resources.sh\"\n";
			showEnvVarsInLog = 0;
		};
/* End PBXShellScriptBuildPhase section */

/* Begin PBXSourcesBuildPhase section */
		830032151D4954010046848A /* Sources */ = {
			isa = PBXSourcesBuildPhase;
			buildActionMask = 2147483647;
			files = (
				831E5A0F1E424D86007B2FE7 /* SignupController.swift in Sources */,
				831E5A071E37236B007B2FE7 /* WebsiteController.swift in Sources */,
				831E5A1D1E42638C007B2FE7 /* LeftPaddedTextField.swift in Sources */,
				83FFDA331E2AC93E0098E9FB /* AppCollectionViewController.swift in Sources */,
				8300327F1D640D660046848A /* StoreLocatorController.swift in Sources */,
				83FFDA3A1E2D1D070098E9FB /* LocatorCell.swift in Sources */,
				831E5A041E372034007B2FE7 /* EmploymentController.swift in Sources */,
				83DCE58F1E7C53C600513CFD /* CoreDataStack.swift in Sources */,
				83DCE5B11E7EF9EB00513CFD /* User+CoreDataClass.swift in Sources */,
				83DD38C81E36C7320082B3D6 /* AboutController.swift in Sources */,
				83FFDA381E2D1CED0098E9FB /* InfoCell.swift in Sources */,
				83DCE55B1E7061F000513CFD /* ProfileController.swift in Sources */,
				83AA87F51DC7CC7500AF0402 /* SpecialDetailsController.swift in Sources */,
				8365FD121E1D9C8F0058B999 /* StoreCell.swift in Sources */,
				8365FD1A1E22EAEF0058B999 /* OptionsBarView.swift in Sources */,
				8365FD221E22F6DC0058B999 /* BaseTVCell.swift in Sources */,
				831E5A111E424E71007B2FE7 /* SignupView.swift in Sources */,
				8365FD1E1E22F5E60058B999 /* BaseCVCell.swift in Sources */,
				83622BD61E351F84006869DD /* StoreAmenitiesController.swift in Sources */,
				8300324C1D4962C10046848A /* Configuration.swift in Sources */,
				83329D601DD8CFCF00A1D258 /* UserDefaults+helpers.swift in Sources */,
				83329D641DD8F42A00A1D258 /* UIImageView+helpers.swift in Sources */,
				8365FD181E22D4E30058B999 /* StoreDetailsView.swift in Sources */,
				83B1DD231E25DBB100B2DCD6 /* CustomTabBarController.swift in Sources */,
				8307CAC61DAF121D00EADCFC /* LoginController.swift in Sources */,
				83B1DD271E25DC6900B2DCD6 /* BaseView.swift in Sources */,
				83DCE5A21E7DA16300513CFD /* storeApp.xcdatamodeld in Sources */,
				83DCE55D1E71090200513CFD /* CellWithTextInput.swift in Sources */,
				83DCE5591E70555400513CFD /* User.swift in Sources */,
				83329D621DD8EFA500A1D258 /* LoginView.swift in Sources */,
				83FFDA281E27221A0098E9FB /* CustomTabBarCell.swift in Sources */,
				83DD38CB1E36C8590082B3D6 /* AboutView.swift in Sources */,
				83ABC6C31E2D4BFD00AD6D4C /* CellWithImage.swift in Sources */,
				83FFDA2C1E293D3E0098E9FB /* NSUserDefaults+helpers.swift in Sources */,
				8300328F1D810A620046848A /* AppViewController.swift in Sources */,
				8300321F1D4954010046848A /* HomeController.swift in Sources */,
				83329D6E1DDA90F600A1D258 /* UIView+helpers.swift in Sources */,
				83329D661DD90DE300A1D258 /* MainNavigationController.swift in Sources */,
				83329D701DDBCB0300A1D258 /* Special.swift in Sources */,
				830032861D76185C0046848A /* APIClient.swift in Sources */,
				8365FD1C1E22F53A0058B999 /* OptionsCell.swift in Sources */,
				8365FD241E23434E0058B999 /* Store.swift in Sources */,
				83329D6C1DDA8DDB00A1D258 /* SpecialCell.swift in Sources */,
				831E5A091E39614A007B2FE7 /* LocatorTableHeader.swift in Sources */,
				83FFDA351E2C7F170098E9FB /* StoreDetailsController.swift in Sources */,
				832DEF951E371101001F8404 /* SettingsController.swift in Sources */,
				83B9BFD11E8A2186001F5885 /* User+CoreDataProperties.swift in Sources */,
				83DCE55F1E71A9F100513CFD /* Helpers.swift in Sources */,
				83329D6A1DDA8A3300A1D258 /* SpecialsController.swift in Sources */,
				83FFDA2E1E2A79C50098E9FB /* SpecialView.swift in Sources */,
				83329D681DD913A600A1D258 /* HomeView.swift in Sources */,
				8300321D1D4954010046848A /* AppDelegate.swift in Sources */,
			);
			runOnlyForDeploymentPostprocessing = 0;
		};
		830032341D4954020046848A /* Sources */ = {
			isa = PBXSourcesBuildPhase;
			buildActionMask = 2147483647;
			files = (
				8300323D1D4954020046848A /* storeAppUITests.swift in Sources */,
			);
			runOnlyForDeploymentPostprocessing = 0;
		};
/* End PBXSourcesBuildPhase section */

/* Begin PBXTargetDependency section */
		8300323A1D4954020046848A /* PBXTargetDependency */ = {
			isa = PBXTargetDependency;
			target = 830032181D4954010046848A /* storeApp */;
			targetProxy = 830032391D4954020046848A /* PBXContainerItemProxy */;
		};
/* End PBXTargetDependency section */

/* Begin PBXVariantGroup section */
		830032201D4954010046848A /* Main.storyboard */ = {
			isa = PBXVariantGroup;
			children = (
				830032211D4954010046848A /* Base */,
			);
			name = Main.storyboard;
			sourceTree = "<group>";
		};
/* End PBXVariantGroup section */

/* Begin XCBuildConfiguration section */
		8300323F1D4954020046848A /* Debug */ = {
			isa = XCBuildConfiguration;
			buildSettings = {
				ALWAYS_SEARCH_USER_PATHS = NO;
				CLANG_ANALYZER_NONNULL = YES;
				CLANG_CXX_LANGUAGE_STANDARD = "gnu++0x";
				CLANG_CXX_LIBRARY = "libc++";
				CLANG_ENABLE_MODULES = YES;
				CLANG_ENABLE_OBJC_ARC = YES;
				CLANG_WARN_BOOL_CONVERSION = YES;
				CLANG_WARN_CONSTANT_CONVERSION = YES;
				CLANG_WARN_DIRECT_OBJC_ISA_USAGE = YES_ERROR;
				CLANG_WARN_EMPTY_BODY = YES;
				CLANG_WARN_ENUM_CONVERSION = YES;
				CLANG_WARN_INFINITE_RECURSION = YES;
				CLANG_WARN_INT_CONVERSION = YES;
				CLANG_WARN_OBJC_ROOT_CLASS = YES_ERROR;
				CLANG_WARN_SUSPICIOUS_MOVE = YES;
				CLANG_WARN_UNREACHABLE_CODE = YES;
				CLANG_WARN__DUPLICATE_METHOD_MATCH = YES;
				"CODE_SIGN_IDENTITY[sdk=iphoneos*]" = "iPhone Developer";
				COPY_PHASE_STRIP = NO;
				DEBUG_INFORMATION_FORMAT = dwarf;
				ENABLE_STRICT_OBJC_MSGSEND = YES;
				ENABLE_TESTABILITY = YES;
				GCC_C_LANGUAGE_STANDARD = gnu99;
				GCC_DYNAMIC_NO_PIC = NO;
				GCC_NO_COMMON_BLOCKS = YES;
				GCC_OPTIMIZATION_LEVEL = 0;
				GCC_PREPROCESSOR_DEFINITIONS = (
					"DEBUG=1",
					"$(inherited)",
				);
				GCC_WARN_64_TO_32_BIT_CONVERSION = YES;
				GCC_WARN_ABOUT_RETURN_TYPE = YES_ERROR;
				GCC_WARN_UNDECLARED_SELECTOR = YES;
				GCC_WARN_UNINITIALIZED_AUTOS = YES_AGGRESSIVE;
				GCC_WARN_UNUSED_FUNCTION = YES;
				GCC_WARN_UNUSED_VARIABLE = YES;
				IPHONEOS_DEPLOYMENT_TARGET = 9.3;
				MTL_ENABLE_DEBUG_INFO = YES;
				ONLY_ACTIVE_ARCH = YES;
				SDKROOT = iphoneos;
				SWIFT_OPTIMIZATION_LEVEL = "-Onone";
			};
			name = Debug;
		};
		830032401D4954020046848A /* Release */ = {
			isa = XCBuildConfiguration;
			buildSettings = {
				ALWAYS_SEARCH_USER_PATHS = NO;
				CLANG_ANALYZER_NONNULL = YES;
				CLANG_CXX_LANGUAGE_STANDARD = "gnu++0x";
				CLANG_CXX_LIBRARY = "libc++";
				CLANG_ENABLE_MODULES = YES;
				CLANG_ENABLE_OBJC_ARC = YES;
				CLANG_WARN_BOOL_CONVERSION = YES;
				CLANG_WARN_CONSTANT_CONVERSION = YES;
				CLANG_WARN_DIRECT_OBJC_ISA_USAGE = YES_ERROR;
				CLANG_WARN_EMPTY_BODY = YES;
				CLANG_WARN_ENUM_CONVERSION = YES;
				CLANG_WARN_INFINITE_RECURSION = YES;
				CLANG_WARN_INT_CONVERSION = YES;
				CLANG_WARN_OBJC_ROOT_CLASS = YES_ERROR;
				CLANG_WARN_SUSPICIOUS_MOVE = YES;
				CLANG_WARN_UNREACHABLE_CODE = YES;
				CLANG_WARN__DUPLICATE_METHOD_MATCH = YES;
				"CODE_SIGN_IDENTITY[sdk=iphoneos*]" = "iPhone Developer";
				COPY_PHASE_STRIP = NO;
				DEBUG_INFORMATION_FORMAT = "dwarf-with-dsym";
				ENABLE_NS_ASSERTIONS = NO;
				ENABLE_STRICT_OBJC_MSGSEND = YES;
				GCC_C_LANGUAGE_STANDARD = gnu99;
				GCC_NO_COMMON_BLOCKS = YES;
				GCC_WARN_64_TO_32_BIT_CONVERSION = YES;
				GCC_WARN_ABOUT_RETURN_TYPE = YES_ERROR;
				GCC_WARN_UNDECLARED_SELECTOR = YES;
				GCC_WARN_UNINITIALIZED_AUTOS = YES_AGGRESSIVE;
				GCC_WARN_UNUSED_FUNCTION = YES;
				GCC_WARN_UNUSED_VARIABLE = YES;
				IPHONEOS_DEPLOYMENT_TARGET = 9.3;
				MTL_ENABLE_DEBUG_INFO = NO;
				SDKROOT = iphoneos;
				SWIFT_OPTIMIZATION_LEVEL = "-Owholemodule";
				VALIDATE_PRODUCT = YES;
			};
			name = Release;
		};
		830032421D4954020046848A /* Debug */ = {
			isa = XCBuildConfiguration;
			baseConfigurationReference = 3D6CE1841E91598830165D2C /* Pods-storeApp.debug.xcconfig */;
			buildSettings = {
				ALWAYS_EMBED_SWIFT_STANDARD_LIBRARIES = YES;
				ASSETCATALOG_COMPILER_APPICON_NAME = AppIcon;
				CODE_SIGN_ENTITLEMENTS = storeApp/storeApp.entitlements;
				CODE_SIGN_IDENTITY = "iPhone Developer";
				"CODE_SIGN_IDENTITY[sdk=iphoneos*]" = "iPhone Developer";
				DEFINES_MODULE = NO;
				DEVELOPMENT_TEAM = AE6HH2QNHY;
				GCC_PRECOMPILE_PREFIX_HEADER = NO;
				GCC_PREFIX_HEADER = "";
				INFOPLIST_FILE = storeApp/Info.plist;
				IPHONEOS_DEPLOYMENT_TARGET = 9.1;
				LD_RUNPATH_SEARCH_PATHS = "$(inherited) @executable_path/Frameworks";
				PRODUCT_BUNDLE_IDENTIFIER = com.codesmiths.timelyRewards;
				PRODUCT_NAME = "$(TARGET_NAME)";
				PROVISIONING_PROFILE = "";
				PROVISIONING_PROFILE_SPECIFIER = "";
				SWIFT_VERSION = 3.0;
			};
			name = Debug;
		};
		830032431D4954020046848A /* Release */ = {
			isa = XCBuildConfiguration;
			baseConfigurationReference = 1943E5E2D2843B29A2295F1A /* Pods-storeApp.release.xcconfig */;
			buildSettings = {
				ALWAYS_EMBED_SWIFT_STANDARD_LIBRARIES = YES;
				ASSETCATALOG_COMPILER_APPICON_NAME = AppIcon;
				CODE_SIGN_ENTITLEMENTS = storeApp/storeApp.entitlements;
				CODE_SIGN_IDENTITY = "iPhone Developer";
				"CODE_SIGN_IDENTITY[sdk=iphoneos*]" = "iPhone Developer";
				DEFINES_MODULE = NO;
				DEVELOPMENT_TEAM = AE6HH2QNHY;
				GCC_PRECOMPILE_PREFIX_HEADER = NO;
				GCC_PREFIX_HEADER = "";
				INFOPLIST_FILE = storeApp/Info.plist;
				IPHONEOS_DEPLOYMENT_TARGET = 9.1;
				LD_RUNPATH_SEARCH_PATHS = "$(inherited) @executable_path/Frameworks";
				PRODUCT_BUNDLE_IDENTIFIER = com.codesmiths.timelyRewards;
				PRODUCT_NAME = "$(TARGET_NAME)";
				PROVISIONING_PROFILE = "";
				SWIFT_VERSION = 3.0;
			};
			name = Release;
		};
		830032481D4954020046848A /* Debug */ = {
			isa = XCBuildConfiguration;
			buildSettings = {
				INFOPLIST_FILE = storeAppUITests/Info.plist;
				LD_RUNPATH_SEARCH_PATHS = "$(inherited) @executable_path/Frameworks @loader_path/Frameworks";
				PRODUCT_BUNDLE_IDENTIFIER = com.codesmiths.storeAppUITests;
				PRODUCT_NAME = "$(TARGET_NAME)";
				SWIFT_VERSION = 3.0;
				TEST_TARGET_NAME = storeApp;
			};
			name = Debug;
		};
		830032491D4954020046848A /* Release */ = {
			isa = XCBuildConfiguration;
			buildSettings = {
				INFOPLIST_FILE = storeAppUITests/Info.plist;
				LD_RUNPATH_SEARCH_PATHS = "$(inherited) @executable_path/Frameworks @loader_path/Frameworks";
				PRODUCT_BUNDLE_IDENTIFIER = com.codesmiths.storeAppUITests;
				PRODUCT_NAME = "$(TARGET_NAME)";
				SWIFT_VERSION = 3.0;
				TEST_TARGET_NAME = storeApp;
			};
			name = Release;
		};
/* End XCBuildConfiguration section */

/* Begin XCConfigurationList section */
		830032141D4954010046848A /* Build configuration list for PBXProject "storeApp" */ = {
			isa = XCConfigurationList;
			buildConfigurations = (
				8300323F1D4954020046848A /* Debug */,
				830032401D4954020046848A /* Release */,
			);
			defaultConfigurationIsVisible = 0;
			defaultConfigurationName = Release;
		};
		830032411D4954020046848A /* Build configuration list for PBXNativeTarget "storeApp" */ = {
			isa = XCConfigurationList;
			buildConfigurations = (
				830032421D4954020046848A /* Debug */,
				830032431D4954020046848A /* Release */,
			);
			defaultConfigurationIsVisible = 0;
			defaultConfigurationName = Release;
		};
		830032471D4954020046848A /* Build configuration list for PBXNativeTarget "storeAppUITests" */ = {
			isa = XCConfigurationList;
			buildConfigurations = (
				830032481D4954020046848A /* Debug */,
				830032491D4954020046848A /* Release */,
			);
			defaultConfigurationIsVisible = 0;
			defaultConfigurationName = Release;
		};
/* End XCConfigurationList section */

/* Begin XCVersionGroup section */
		83DCE5A01E7DA16300513CFD /* storeApp.xcdatamodeld */ = {
			isa = XCVersionGroup;
			children = (
				83DCE5A11E7DA16300513CFD /* storeApp.xcdatamodel */,
			);
			currentVersion = 83DCE5A11E7DA16300513CFD /* storeApp.xcdatamodel */;
			path = storeApp.xcdatamodeld;
			sourceTree = "<group>";
			versionGroupType = wrapper.xcdatamodel;
		};
/* End XCVersionGroup section */
	};
	rootObject = 830032111D4954010046848A /* Project object */;
}
